
Microsoft Visual Studio Solution File, Format Version 12.00
# Visual Studio 15
VisualStudioVersion = 15.0.28307.705
MinimumVisualStudioVersion = 10.0.40219.1
Project("{FAE04EC0-301F-11D3-BF4B-00C04F79EFBC}") = "ADCMonitor", "ADCMonitor\ADCMonitor.csproj", "{9FAFCB9D-9C73-4612-8E59-49D6C390E802}"
EndProject
Project("{2150E333-8FDC-42A3-9474-1A3956D46DE8}") = "Lib", "Lib", "{71EC810F-D2D8-4EAC-993F-129896A93DE7}"
EndProject
Project("{FAE04EC0-301F-11D3-BF4B-00C04F79EFBC}") = "GUIWaveform", "Lib\WaveformDrawingContext\GUIWaveform.csproj", "{A25FEBD7-980A-47A9-AB5E-1F7B8B55AC02}"
EndProject
Project("{2150E333-8FDC-42A3-9474-1A3956D46DE8}") = "Tests", "Tests", "{A6A089B4-8D23-40FF-ADB3-09B812E91E9C}"
EndProject
Project("{FAE04EC0-301F-11D3-BF4B-00C04F79EFBC}") = "GUIWaveformTests", "Tests\GUIWaveformTests\GUIWaveformTests.csproj", "{03DE2C9F-7BDD-4038-858F-0E8628A0D94F}"
EndProject
Project("{8BC9CEB8-8B4A-11D0-8D11-00A0C91BC942}") = "Post", "Post\Post.vcxproj", "{9FE7A8BC-4A4F-4F30-A91D-51631C36EF93}"
	ProjectSection(ProjectDependencies) = postProject
		{87530970-DC40-4C99-B802-EE48C23E22AD} = {87530970-DC40-4C99-B802-EE48C23E22AD}
		{9FAFCB9D-9C73-4612-8E59-49D6C390E802} = {9FAFCB9D-9C73-4612-8E59-49D6C390E802}
		{A25FEBD7-980A-47A9-AB5E-1F7B8B55AC02} = {A25FEBD7-980A-47A9-AB5E-1F7B8B55AC02}
	EndProjectSection
EndProject
Project("{FAE04EC0-301F-11D3-BF4B-00C04F79EFBC}") = "GlobalPath", "Lib\GlobalPath\GlobalPath.csproj", "{87530970-DC40-4C99-B802-EE48C23E22AD}"
EndProject
Project("{FAE04EC0-301F-11D3-BF4B-00C04F79EFBC}") = "MCU", "MCU\MCU.csproj", "{2D18ED51-E946-4F2B-AA01-FA8624A42A17}"
EndProject
Global
	GlobalSection(SolutionConfigurationPlatforms) = preSolution
		Debug|Any CPU = Debug|Any CPU
		Debug|x64 = Debug|x64
		Debug|x86 = Debug|x86
		Release|Any CPU = Release|Any CPU
		Release|x64 = Release|x64
		Release|x86 = Release|x86
	EndGlobalSection
	GlobalSection(ProjectConfigurationPlatforms) = postSolution
		{9FAFCB9D-9C73-4612-8E59-49D6C390E802}.Debug|Any CPU.ActiveCfg = Debug|Any CPU
		{9FAFCB9D-9C73-4612-8E59-49D6C390E802}.Debug|Any CPU.Build.0 = Debug|Any CPU
		{9FAFCB9D-9C73-4612-8E59-49D6C390E802}.Debug|x64.ActiveCfg = Debug|Any CPU
		{9FAFCB9D-9C73-4612-8E59-49D6C390E802}.Debug|x64.Build.0 = Debug|Any CPU
		{9FAFCB9D-9C73-4612-8E59-49D6C390E802}.Debug|x86.ActiveCfg = Debug|Any CPU
		{9FAFCB9D-9C73-4612-8E59-49D6C390E802}.Debug|x86.Build.0 = Debug|Any CPU
		{9FAFCB9D-9C73-4612-8E59-49D6C390E802}.Release|Any CPU.ActiveCfg = Release|Any CPU
		{9FAFCB9D-9C73-4612-8E59-49D6C390E802}.Release|Any CPU.Build.0 = Release|Any CPU
		{9FAFCB9D-9C73-4612-8E59-49D6C390E802}.Release|x64.ActiveCfg = Release|Any CPU
		{9FAFCB9D-9C73-4612-8E59-49D6C390E802}.Release|x64.Build.0 = Release|Any CPU
		{9FAFCB9D-9C73-4612-8E59-49D6C390E802}.Release|x86.ActiveCfg = Release|Any CPU
		{9FAFCB9D-9C73-4612-8E59-49D6C390E802}.Release|x86.Build.0 = Release|Any CPU
		{A25FEBD7-980A-47A9-AB5E-1F7B8B55AC02}.Debug|Any CPU.ActiveCfg = Debug|Any CPU
		{A25FEBD7-980A-47A9-AB5E-1F7B8B55AC02}.Debug|Any CPU.Build.0 = Debug|Any CPU
		{A25FEBD7-980A-47A9-AB5E-1F7B8B55AC02}.Debug|x64.ActiveCfg = Debug|Any CPU
		{A25FEBD7-980A-47A9-AB5E-1F7B8B55AC02}.Debug|x64.Build.0 = Debug|Any CPU
		{A25FEBD7-980A-47A9-AB5E-1F7B8B55AC02}.Debug|x86.ActiveCfg = Debug|Any CPU
		{A25FEBD7-980A-47A9-AB5E-1F7B8B55AC02}.Debug|x86.Build.0 = Debug|Any CPU
		{A25FEBD7-980A-47A9-AB5E-1F7B8B55AC02}.Release|Any CPU.ActiveCfg = Release|Any CPU
		{A25FEBD7-980A-47A9-AB5E-1F7B8B55AC02}.Release|Any CPU.Build.0 = Release|Any CPU
		{A25FEBD7-980A-47A9-AB5E-1F7B8B55AC02}.Release|x64.ActiveCfg = Release|Any CPU
		{A25FEBD7-980A-47A9-AB5E-1F7B8B55AC02}.Release|x64.Build.0 = Release|Any CPU
		{A25FEBD7-980A-47A9-AB5E-1F7B8B55AC02}.Release|x86.ActiveCfg = Release|Any CPU
		{A25FEBD7-980A-47A9-AB5E-1F7B8B55AC02}.Release|x86.Build.0 = Release|Any CPU
		{03DE2C9F-7BDD-4038-858F-0E8628A0D94F}.Debug|Any CPU.ActiveCfg = Debug|Any CPU
		{03DE2C9F-7BDD-4038-858F-0E8628A0D94F}.Debug|Any CPU.Build.0 = Debug|Any CPU
		{03DE2C9F-7BDD-4038-858F-0E8628A0D94F}.Debug|x64.ActiveCfg = Debug|Any CPU
		{03DE2C9F-7BDD-4038-858F-0E8628A0D94F}.Debug|x64.Build.0 = Debug|Any CPU
		{03DE2C9F-7BDD-4038-858F-0E8628A0D94F}.Debug|x86.ActiveCfg = Debug|Any CPU
		{03DE2C9F-7BDD-4038-858F-0E8628A0D94F}.Debug|x86.Build.0 = Debug|Any CPU
		{03DE2C9F-7BDD-4038-858F-0E8628A0D94F}.Release|Any CPU.ActiveCfg = Release|Any CPU
		{03DE2C9F-7BDD-4038-858F-0E8628A0D94F}.Release|Any CPU.Build.0 = Release|Any CPU
		{03DE2C9F-7BDD-4038-858F-0E8628A0D94F}.Release|x64.ActiveCfg = Release|Any CPU
		{03DE2C9F-7BDD-4038-858F-0E8628A0D94F}.Release|x64.Build.0 = Release|Any CPU
		{03DE2C9F-7BDD-4038-858F-0E8628A0D94F}.Release|x86.ActiveCfg = Release|Any CPU
		{03DE2C9F-7BDD-4038-858F-0E8628A0D94F}.Release|x86.Build.0 = Release|Any CPU
		{9FE7A8BC-4A4F-4F30-A91D-51631C36EF93}.Debug|Any CPU.ActiveCfg = Debug|x64
		{9FE7A8BC-4A4F-4F30-A91D-51631C36EF93}.Debug|Any CPU.Build.0 = Debug|x64
		{9FE7A8BC-4A4F-4F30-A91D-51631C36EF93}.Debug|x64.ActiveCfg = Debug|x64
		{9FE7A8BC-4A4F-4F30-A91D-51631C36EF93}.Debug|x64.Build.0 = Debug|x64
		{9FE7A8BC-4A4F-4F30-A91D-51631C36EF93}.Debug|x86.ActiveCfg = Debug|Win32
		{9FE7A8BC-4A4F-4F30-A91D-51631C36EF93}.Debug|x86.Build.0 = Debug|Win32
		{9FE7A8BC-4A4F-4F30-A91D-51631C36EF93}.Release|Any CPU.ActiveCfg = Release|Win32
		{9FE7A8BC-4A4F-4F30-A91D-51631C36EF93}.Release|x64.ActiveCfg = Release|x64
		{9FE7A8BC-4A4F-4F30-A91D-51631C36EF93}.Release|x64.Build.0 = Release|x64
		{9FE7A8BC-4A4F-4F30-A91D-51631C36EF93}.Release|x86.ActiveCfg = Release|Win32
		{9FE7A8BC-4A4F-4F30-A91D-51631C36EF93}.Release|x86.Build.0 = Release|Win32
		{87530970-DC40-4C99-B802-EE48C23E22AD}.Debug|Any CPU.ActiveCfg = Debug|Any CPU
		{87530970-DC40-4C99-B802-EE48C23E22AD}.Debug|Any CPU.Build.0 = Debug|Any CPU
		{87530970-DC40-4C99-B802-EE48C23E22AD}.Debug|x64.ActiveCfg = Debug|Any CPU
		{87530970-DC40-4C99-B802-EE48C23E22AD}.Debug|x64.Build.0 = Debug|Any CPU
		{87530970-DC40-4C99-B802-EE48C23E22AD}.Debug|x86.ActiveCfg = Debug|Any CPU
		{87530970-DC40-4C99-B802-EE48C23E22AD}.Debug|x86.Build.0 = Debug|Any CPU
		{87530970-DC40-4C99-B802-EE48C23E22AD}.Release|Any CPU.ActiveCfg = Release|Any CPU
		{87530970-DC40-4C99-B802-EE48C23E22AD}.Release|Any CPU.Build.0 = Release|Any CPU
		{87530970-DC40-4C99-B802-EE48C23E22AD}.Release|x64.ActiveCfg = Release|Any CPU
		{87530970-DC40-4C99-B802-EE48C23E22AD}.Release|x64.Build.0 = Release|Any CPU
		{87530970-DC40-4C99-B802-EE48C23E22AD}.Release|x86.ActiveCfg = Release|Any CPU
		{87530970-DC40-4C99-B802-EE48C23E22AD}.Release|x86.Build.0 = Release|Any CPU
		{2D18ED51-E946-4F2B-AA01-FA8624A42A17}.Debug|Any CPU.ActiveCfg = Debug|Any CPU
		{2D18ED51-E946-4F2B-AA01-FA8624A42A17}.Debug|Any CPU.Build.0 = Debug|Any CPU
		{2D18ED51-E946-4F2B-AA01-FA8624A42A17}.Debug|x64.ActiveCfg = Debug|Any CPU
		{2D18ED51-E946-4F2B-AA01-FA8624A42A17}.Debug|x64.Build.0 = Debug|Any CPU
		{2D18ED51-E946-4F2B-AA01-FA8624A42A17}.Debug|x86.ActiveCfg = Debug|Any CPU
		{2D18ED51-E946-4F2B-AA01-FA8624A42A17}.Debug|x86.Build.0 = Debug|Any CPU
		{2D18ED51-E946-4F2B-AA01-FA8624A42A17}.Release|Any CPU.ActiveCfg = Release|Any CPU
		{2D18ED51-E946-4F2B-AA01-FA8624A42A17}.Release|Any CPU.Build.0 = Release|Any CPU
		{2D18ED51-E946-4F2B-AA01-FA8624A42A17}.Release|x64.ActiveCfg = Release|Any CPU
		{2D18ED51-E946-4F2B-AA01-FA8624A42A17}.Release|x64.Build.0 = Release|Any CPU
		{2D18ED51-E946-4F2B-AA01-FA8624A42A17}.Release|x86.ActiveCfg = Release|Any CPU
		{2D18ED51-E946-4F2B-AA01-FA8624A42A17}.Release|x86.Build.0 = Release|Any CPU
	EndGlobalSection
	GlobalSection(SolutionProperties) = preSolution
		HideSolutionNode = FALSE
	EndGlobalSection
	GlobalSection(NestedProjects) = preSolution
		{A25FEBD7-980A-47A9-AB5E-1F7B8B55AC02} = {71EC810F-D2D8-4EAC-993F-129896A93DE7}
		{03DE2C9F-7BDD-4038-858F-0E8628A0D94F} = {A6A089B4-8D23-40FF-ADB3-09B812E91E9C}
		{87530970-DC40-4C99-B802-EE48C23E22AD} = {71EC810F-D2D8-4EAC-993F-129896A93DE7}
		{2D18ED51-E946-4F2B-AA01-FA8624A42A17} = {71EC810F-D2D8-4EAC-993F-129896A93DE7}
	EndGlobalSection
	GlobalSection(ExtensibilityGlobals) = postSolution
		SolutionGuid = {F44E6CFA-AE16-4934-B292-5E039812B1A7}
	EndGlobalSection
EndGlobal
